// !$*UTF8*$!
{
	archiveVersion = 1;
	classes = {
	};
	objectVersion = 55;
	objects = {

/* Begin PBXBuildFile section */
		5811680E28D59E84008BF073 /* AppDelegate.swift in Sources */ = {isa = PBXBuildFile; fileRef = 5811680D28D59E84008BF073 /* AppDelegate.swift */; };
		5811681028D59E84008BF073 /* SceneDelegate.swift in Sources */ = {isa = PBXBuildFile; fileRef = 5811680F28D59E84008BF073 /* SceneDelegate.swift */; };
		5811681228D59E84008BF073 /* ViewController.swift in Sources */ = {isa = PBXBuildFile; fileRef = 5811681128D59E84008BF073 /* ViewController.swift */; };
		5811681528D59E84008BF073 /* Main.storyboard in Resources */ = {isa = PBXBuildFile; fileRef = 5811681328D59E84008BF073 /* Main.storyboard */; };
		5811681828D59E84008BF073 /* EmployeeApp.xcdatamodeld in Sources */ = {isa = PBXBuildFile; fileRef = 5811681628D59E84008BF073 /* EmployeeApp.xcdatamodeld */; };
		5811681A28D59E89008BF073 /* Assets.xcassets in Resources */ = {isa = PBXBuildFile; fileRef = 5811681928D59E89008BF073 /* Assets.xcassets */; };
		5811681D28D59E89008BF073 /* LaunchScreen.storyboard in Resources */ = {isa = PBXBuildFile; fileRef = 5811681B28D59E89008BF073 /* LaunchScreen.storyboard */; };
		588082BA28D5AC7200900533 /* EmpListVC.swift in Sources */ = {isa = PBXBuildFile; fileRef = 588082B928D5AC7200900533 /* EmpListVC.swift */; };
		588082C428D5B41D00900533 /* Address+CoreDataProperties.swift in Sources */ = {isa = PBXBuildFile; fileRef = 588082BC28D5B41C00900533 /* Address+CoreDataProperties.swift */; };
		588082C528D5B41D00900533 /* Address+CoreDataClass.swift in Sources */ = {isa = PBXBuildFile; fileRef = 588082BD28D5B41C00900533 /* Address+CoreDataClass.swift */; };
		588082C628D5B41D00900533 /* Company+CoreDataProperties.swift in Sources */ = {isa = PBXBuildFile; fileRef = 588082BE28D5B41C00900533 /* Company+CoreDataProperties.swift */; };
		588082C728D5B41D00900533 /* Employee+CoreDataClass.swift in Sources */ = {isa = PBXBuildFile; fileRef = 588082BF28D5B41D00900533 /* Employee+CoreDataClass.swift */; };
		588082C828D5B41D00900533 /* Geo+CoreDataClass.swift in Sources */ = {isa = PBXBuildFile; fileRef = 588082C028D5B41D00900533 /* Geo+CoreDataClass.swift */; };
		588082C928D5B41D00900533 /* Employee+CoreDataProperties.swift in Sources */ = {isa = PBXBuildFile; fileRef = 588082C128D5B41D00900533 /* Employee+CoreDataProperties.swift */; };
		588082CA28D5B41D00900533 /* Geo+CoreDataProperties.swift in Sources */ = {isa = PBXBuildFile; fileRef = 588082C228D5B41D00900533 /* Geo+CoreDataProperties.swift */; };
		588082CB28D5B41D00900533 /* Company+CoreDataClass.swift in Sources */ = {isa = PBXBuildFile; fileRef = 588082C328D5B41D00900533 /* Company+CoreDataClass.swift */; };
		588082CF28D5C49F00900533 /* EmpListTVC.swift in Sources */ = {isa = PBXBuildFile; fileRef = 588082CD28D5C49F00900533 /* EmpListTVC.swift */; };
		588082D028D5C49F00900533 /* EmpListTVC.xib in Resources */ = {isa = PBXBuildFile; fileRef = 588082CE28D5C49F00900533 /* EmpListTVC.xib */; };
		588082D328D5D43100900533 /* EmpDetailsVCV.swift in Sources */ = {isa = PBXBuildFile; fileRef = 588082D228D5D43100900533 /* EmpDetailsVCV.swift */; };
		588082D728D5D58100900533 /* EmpDetailsCell.swift in Sources */ = {isa = PBXBuildFile; fileRef = 588082D528D5D58100900533 /* EmpDetailsCell.swift */; };
		588082D828D5D58100900533 /* EmpDetailsCell.xib in Resources */ = {isa = PBXBuildFile; fileRef = 588082D628D5D58100900533 /* EmpDetailsCell.xib */; };
		58BE763628D5A5CE004A548E /* GeoModel.swift in Sources */ = {isa = PBXBuildFile; fileRef = 58BE763228D5A5CC004A548E /* GeoModel.swift */; };
		58BE763728D5A5CE004A548E /* CompanyModel.swift in Sources */ = {isa = PBXBuildFile; fileRef = 58BE763328D5A5CD004A548E /* CompanyModel.swift */; };
		58BE763828D5A5CE004A548E /* EmployeeModel.swift in Sources */ = {isa = PBXBuildFile; fileRef = 58BE763428D5A5CD004A548E /* EmployeeModel.swift */; };
		58BE763928D5A5CE004A548E /* AddressModel.swift in Sources */ = {isa = PBXBuildFile; fileRef = 58BE763528D5A5CE004A548E /* AddressModel.swift */; };
		58BE763D28D5A882004A548E /* ParseManager.swift in Sources */ = {isa = PBXBuildFile; fileRef = 58BE763C28D5A882004A548E /* ParseManager.swift */; };
		86FB51B5CE428416DA9441E6 /* Pods_EmployeeApp.framework in Frameworks */ = {isa = PBXBuildFile; fileRef = 7673BAAF6F6CCA30C10DAFE0 /* Pods_EmployeeApp.framework */; };
/* End PBXBuildFile section */

/* Begin PBXFileReference section */
		5811680A28D59E84008BF073 /* EmployeeApp.app */ = {isa = PBXFileReference; explicitFileType = wrapper.application; includeInIndex = 0; path = EmployeeApp.app; sourceTree = BUILT_PRODUCTS_DIR; };
		5811680D28D59E84008BF073 /* AppDelegate.swift */ = {isa = PBXFileReference; lastKnownFileType = sourcecode.swift; path = AppDelegate.swift; sourceTree = "<group>"; };
		5811680F28D59E84008BF073 /* SceneDelegate.swift */ = {isa = PBXFileReference; lastKnownFileType = sourcecode.swift; path = SceneDelegate.swift; sourceTree = "<group>"; };
		5811681128D59E84008BF073 /* ViewController.swift */ = {isa = PBXFileReference; lastKnownFileType = sourcecode.swift; path = ViewController.swift; sourceTree = "<group>"; };
		5811681428D59E84008BF073 /* Base */ = {isa = PBXFileReference; lastKnownFileType = file.storyboard; name = Base; path = Base.lproj/Main.storyboard; sourceTree = "<group>"; };
		5811681728D59E84008BF073 /* EmployeeApp.xcdatamodel */ = {isa = PBXFileReference; lastKnownFileType = wrapper.xcdatamodel; path = EmployeeApp.xcdatamodel; sourceTree = "<group>"; };
		5811681928D59E89008BF073 /* Assets.xcassets */ = {isa = PBXFileReference; lastKnownFileType = folder.assetcatalog; path = Assets.xcassets; sourceTree = "<group>"; };
		5811681C28D59E89008BF073 /* Base */ = {isa = PBXFileReference; lastKnownFileType = file.storyboard; name = Base; path = Base.lproj/LaunchScreen.storyboard; sourceTree = "<group>"; };
		5811681E28D59E89008BF073 /* Info.plist */ = {isa = PBXFileReference; lastKnownFileType = text.plist.xml; path = Info.plist; sourceTree = "<group>"; };
		588082B928D5AC7200900533 /* EmpListVC.swift */ = {isa = PBXFileReference; lastKnownFileType = sourcecode.swift; path = EmpListVC.swift; sourceTree = "<group>"; };
		588082BC28D5B41C00900533 /* Address+CoreDataProperties.swift */ = {isa = PBXFileReference; fileEncoding = 4; lastKnownFileType = sourcecode.swift; path = "Address+CoreDataProperties.swift"; sourceTree = "<group>"; };
		588082BD28D5B41C00900533 /* Address+CoreDataClass.swift */ = {isa = PBXFileReference; fileEncoding = 4; lastKnownFileType = sourcecode.swift; path = "Address+CoreDataClass.swift"; sourceTree = "<group>"; };
		588082BE28D5B41C00900533 /* Company+CoreDataProperties.swift */ = {isa = PBXFileReference; fileEncoding = 4; lastKnownFileType = sourcecode.swift; path = "Company+CoreDataProperties.swift"; sourceTree = "<group>"; };
		588082BF28D5B41D00900533 /* Employee+CoreDataClass.swift */ = {isa = PBXFileReference; fileEncoding = 4; lastKnownFileType = sourcecode.swift; path = "Employee+CoreDataClass.swift"; sourceTree = "<group>"; };
		588082C028D5B41D00900533 /* Geo+CoreDataClass.swift */ = {isa = PBXFileReference; fileEncoding = 4; lastKnownFileType = sourcecode.swift; path = "Geo+CoreDataClass.swift"; sourceTree = "<group>"; };
		588082C128D5B41D00900533 /* Employee+CoreDataProperties.swift */ = {isa = PBXFileReference; fileEncoding = 4; lastKnownFileType = sourcecode.swift; path = "Employee+CoreDataProperties.swift"; sourceTree = "<group>"; };
		588082C228D5B41D00900533 /* Geo+CoreDataProperties.swift */ = {isa = PBXFileReference; fileEncoding = 4; lastKnownFileType = sourcecode.swift; path = "Geo+CoreDataProperties.swift"; sourceTree = "<group>"; };
		588082C328D5B41D00900533 /* Company+CoreDataClass.swift */ = {isa = PBXFileReference; fileEncoding = 4; lastKnownFileType = sourcecode.swift; path = "Company+CoreDataClass.swift"; sourceTree = "<group>"; };
		588082CD28D5C49F00900533 /* EmpListTVC.swift */ = {isa = PBXFileReference; lastKnownFileType = sourcecode.swift; path = EmpListTVC.swift; sourceTree = "<group>"; };
		588082CE28D5C49F00900533 /* EmpListTVC.xib */ = {isa = PBXFileReference; lastKnownFileType = file.xib; path = EmpListTVC.xib; sourceTree = "<group>"; };
		588082D228D5D43100900533 /* EmpDetailsVCV.swift */ = {isa = PBXFileReference; lastKnownFileType = sourcecode.swift; path = EmpDetailsVCV.swift; sourceTree = "<group>"; };
		588082D528D5D58100900533 /* EmpDetailsCell.swift */ = {isa = PBXFileReference; lastKnownFileType = sourcecode.swift; path = EmpDetailsCell.swift; sourceTree = "<group>"; };
		588082D628D5D58100900533 /* EmpDetailsCell.xib */ = {isa = PBXFileReference; lastKnownFileType = file.xib; path = EmpDetailsCell.xib; sourceTree = "<group>"; };
		58BE763228D5A5CC004A548E /* GeoModel.swift */ = {isa = PBXFileReference; fileEncoding = 4; lastKnownFileType = sourcecode.swift; path = GeoModel.swift; sourceTree = "<group>"; };
		58BE763328D5A5CD004A548E /* CompanyModel.swift */ = {isa = PBXFileReference; fileEncoding = 4; lastKnownFileType = sourcecode.swift; path = CompanyModel.swift; sourceTree = "<group>"; };
		58BE763428D5A5CD004A548E /* EmployeeModel.swift */ = {isa = PBXFileReference; fileEncoding = 4; lastKnownFileType = sourcecode.swift; path = EmployeeModel.swift; sourceTree = "<group>"; };
		58BE763528D5A5CE004A548E /* AddressModel.swift */ = {isa = PBXFileReference; fileEncoding = 4; lastKnownFileType = sourcecode.swift; path = AddressModel.swift; sourceTree = "<group>"; };
		58BE763C28D5A882004A548E /* ParseManager.swift */ = {isa = PBXFileReference; lastKnownFileType = sourcecode.swift; path = ParseManager.swift; sourceTree = "<group>"; };
		72106EFD71DFF30F24D47D63 /* Pods-EmployeeApp.release.xcconfig */ = {isa = PBXFileReference; includeInIndex = 1; lastKnownFileType = text.xcconfig; name = "Pods-EmployeeApp.release.xcconfig"; path = "Target Support Files/Pods-EmployeeApp/Pods-EmployeeApp.release.xcconfig"; sourceTree = "<group>"; };
		7673BAAF6F6CCA30C10DAFE0 /* Pods_EmployeeApp.framework */ = {isa = PBXFileReference; explicitFileType = wrapper.framework; includeInIndex = 0; path = Pods_EmployeeApp.framework; sourceTree = BUILT_PRODUCTS_DIR; };
		C96EB4C0E8E7405518CD30FA /* Pods-EmployeeApp.debug.xcconfig */ = {isa = PBXFileReference; includeInIndex = 1; lastKnownFileType = text.xcconfig; name = "Pods-EmployeeApp.debug.xcconfig"; path = "Target Support Files/Pods-EmployeeApp/Pods-EmployeeApp.debug.xcconfig"; sourceTree = "<group>"; };
/* End PBXFileReference section */

/* Begin PBXFrameworksBuildPhase section */
		5811680728D59E84008BF073 /* Frameworks */ = {
			isa = PBXFrameworksBuildPhase;
			buildActionMask = 2147483647;
			files = (
				86FB51B5CE428416DA9441E6 /* Pods_EmployeeApp.framework in Frameworks */,
			);
			runOnlyForDeploymentPostprocessing = 0;
		};
/* End PBXFrameworksBuildPhase section */

/* Begin PBXGroup section */
		5811680128D59E84008BF073 = {
			isa = PBXGroup;
			children = (
				5811680C28D59E84008BF073 /* EmployeeApp */,
				5811680B28D59E84008BF073 /* Products */,
				E46D939A24A419D6060688F9 /* Pods */,
				CBB2FD000C73CBCE922178FC /* Frameworks */,
			);
			sourceTree = "<group>";
		};
		5811680B28D59E84008BF073 /* Products */ = {
			isa = PBXGroup;
			children = (
				5811680A28D59E84008BF073 /* EmployeeApp.app */,
			);
			name = Products;
			sourceTree = "<group>";
		};
		5811680C28D59E84008BF073 /* EmployeeApp */ = {
			isa = PBXGroup;
			children = (
				588082B528D5AB9A00900533 /* Controllers */,
				58BE763A28D5A84E004A548E /* HelperClass */,
				58BE763128D5A5B3004A548E /* Model */,
				5811680D28D59E84008BF073 /* AppDelegate.swift */,
				5811680F28D59E84008BF073 /* SceneDelegate.swift */,
				5811681128D59E84008BF073 /* ViewController.swift */,
				5811681328D59E84008BF073 /* Main.storyboard */,
				5811681928D59E89008BF073 /* Assets.xcassets */,
				5811681B28D59E89008BF073 /* LaunchScreen.storyboard */,
				5811681E28D59E89008BF073 /* Info.plist */,
				5811681628D59E84008BF073 /* EmployeeApp.xcdatamodeld */,
			);
			path = EmployeeApp;
			sourceTree = "<group>";
		};
		588082B528D5AB9A00900533 /* Controllers */ = {
			isa = PBXGroup;
			children = (
				588082D128D5D40700900533 /* EmpDetailsVC */,
				588082B828D5AC6100900533 /* EmpList */,
			);
			path = Controllers;
			sourceTree = "<group>";
		};
		588082B828D5AC6100900533 /* EmpList */ = {
			isa = PBXGroup;
			children = (
				588082CC28D5C48000900533 /* EmpListTableCell */,
				588082B928D5AC7200900533 /* EmpListVC.swift */,
			);
			path = EmpList;
			sourceTree = "<group>";
		};
		588082BB28D5B41000900533 /* CoreDataHelper */ = {
			isa = PBXGroup;
			children = (
				588082C028D5B41D00900533 /* Geo+CoreDataClass.swift */,
				588082C228D5B41D00900533 /* Geo+CoreDataProperties.swift */,
				588082C328D5B41D00900533 /* Company+CoreDataClass.swift */,
				588082BE28D5B41C00900533 /* Company+CoreDataProperties.swift */,
				588082BD28D5B41C00900533 /* Address+CoreDataClass.swift */,
				588082BC28D5B41C00900533 /* Address+CoreDataProperties.swift */,
				588082BF28D5B41D00900533 /* Employee+CoreDataClass.swift */,
				588082C128D5B41D00900533 /* Employee+CoreDataProperties.swift */,
			);
			path = CoreDataHelper;
			sourceTree = "<group>";
		};
		588082CC28D5C48000900533 /* EmpListTableCell */ = {
			isa = PBXGroup;
			children = (
				588082CD28D5C49F00900533 /* EmpListTVC.swift */,
				588082CE28D5C49F00900533 /* EmpListTVC.xib */,
			);
			path = EmpListTableCell;
			sourceTree = "<group>";
		};
		588082D128D5D40700900533 /* EmpDetailsVC */ = {
			isa = PBXGroup;
			children = (
				588082D428D5D56200900533 /* EmpDetailCell */,
				588082D228D5D43100900533 /* EmpDetailsVCV.swift */,
			);
			path = EmpDetailsVC;
			sourceTree = "<group>";
		};
		588082D428D5D56200900533 /* EmpDetailCell */ = {
			isa = PBXGroup;
			children = (
				588082D528D5D58100900533 /* EmpDetailsCell.swift */,
				588082D628D5D58100900533 /* EmpDetailsCell.xib */,
			);
			path = EmpDetailCell;
			sourceTree = "<group>";
		};
		58BE763128D5A5B3004A548E /* Model */ = {
			isa = PBXGroup;
			children = (
				58BE763528D5A5CE004A548E /* AddressModel.swift */,
				58BE763328D5A5CD004A548E /* CompanyModel.swift */,
				58BE763228D5A5CC004A548E /* GeoModel.swift */,
				58BE763428D5A5CD004A548E /* EmployeeModel.swift */,
			);
			path = Model;
			sourceTree = "<group>";
		};
		58BE763A28D5A84E004A548E /* HelperClass */ = {
			isa = PBXGroup;
			children = (
				588082BB28D5B41000900533 /* CoreDataHelper */,
				58BE763C28D5A882004A548E /* ParseManager.swift */,
			);
			path = HelperClass;
			sourceTree = "<group>";
		};
		CBB2FD000C73CBCE922178FC /* Frameworks */ = {
			isa = PBXGroup;
			children = (
				7673BAAF6F6CCA30C10DAFE0 /* Pods_EmployeeApp.framework */,
			);
			name = Frameworks;
			sourceTree = "<group>";
		};
		E46D939A24A419D6060688F9 /* Pods */ = {
			isa = PBXGroup;
			children = (
				C96EB4C0E8E7405518CD30FA /* Pods-EmployeeApp.debug.xcconfig */,
				72106EFD71DFF30F24D47D63 /* Pods-EmployeeApp.release.xcconfig */,
			);
			path = Pods;
			sourceTree = "<group>";
		};
/* End PBXGroup section */

/* Begin PBXNativeTarget section */
		5811680928D59E84008BF073 /* EmployeeApp */ = {
			isa = PBXNativeTarget;
			buildConfigurationList = 5811682128D59E89008BF073 /* Build configuration list for PBXNativeTarget "EmployeeApp" */;
			buildPhases = (
				2DB410AAF0C929A43E616A21 /* [CP] Check Pods Manifest.lock */,
				5811680628D59E84008BF073 /* Sources */,
				5811680728D59E84008BF073 /* Frameworks */,
				5811680828D59E84008BF073 /* Resources */,
				805634381A3E159F0B04E23C /* [CP] Embed Pods Frameworks */,
			);
			buildRules = (
			);
			dependencies = (
			);
			name = EmployeeApp;
			productName = EmployeeApp;
			productReference = 5811680A28D59E84008BF073 /* EmployeeApp.app */;
			productType = "com.apple.product-type.application";
		};
/* End PBXNativeTarget section */

/* Begin PBXProject section */
		5811680228D59E84008BF073 /* Project object */ = {
			isa = PBXProject;
			attributes = {
				BuildIndependentTargetsInParallel = 1;
				LastSwiftUpdateCheck = 1340;
				LastUpgradeCheck = 1340;
				TargetAttributes = {
					5811680928D59E84008BF073 = {
						CreatedOnToolsVersion = 13.4;
					};
				};
			};
			buildConfigurationList = 5811680528D59E84008BF073 /* Build configuration list for PBXProject "EmployeeApp" */;
			compatibilityVersion = "Xcode 13.0";
			developmentRegion = en;
			hasScannedForEncodings = 0;
			knownRegions = (
				en,
				Base,
			);
			mainGroup = 5811680128D59E84008BF073;
			productRefGroup = 5811680B28D59E84008BF073 /* Products */;
			projectDirPath = "";
			projectRoot = "";
			targets = (
				5811680928D59E84008BF073 /* EmployeeApp */,
			);
		};
/* End PBXProject section */

/* Begin PBXResourcesBuildPhase section */
		5811680828D59E84008BF073 /* Resources */ = {
			isa = PBXResourcesBuildPhase;
			buildActionMask = 2147483647;
			files = (
				5811681D28D59E89008BF073 /* LaunchScreen.storyboard in Resources */,
				5811681A28D59E89008BF073 /* Assets.xcassets in Resources */,
				588082D028D5C49F00900533 /* EmpListTVC.xib in Resources */,
				588082D828D5D58100900533 /* EmpDetailsCell.xib in Resources */,
				5811681528D59E84008BF073 /* Main.storyboard in Resources */,
			);
			runOnlyForDeploymentPostprocessing = 0;
		};
/* End PBXResourcesBuildPhase section */

/* Begin PBXShellScriptBuildPhase section */
		2DB410AAF0C929A43E616A21 /* [CP] Check Pods Manifest.lock */ = {
			isa = PBXShellScriptBuildPhase;
			buildActionMask = 2147483647;
			files = (
			);
			inputFileListPaths = (
			);
			inputPaths = (
				"${PODS_PODFILE_DIR_PATH}/Podfile.lock",
				"${PODS_ROOT}/Manifest.lock",
			);
			name = "[CP] Check Pods Manifest.lock";
			outputFileListPaths = (
			);
			outputPaths = (
				"$(DERIVED_FILE_DIR)/Pods-EmployeeApp-checkManifestLockResult.txt",
			);
			runOnlyForDeploymentPostprocessing = 0;
			shellPath = /bin/sh;
			shellScript = "diff \"${PODS_PODFILE_DIR_PATH}/Podfile.lock\" \"${PODS_ROOT}/Manifest.lock\" > /dev/null\nif [ $? != 0 ] ; then\n    # print error to STDERR\n    echo \"error: The sandbox is not in sync with the Podfile.lock. Run 'pod install' or update your CocoaPods installation.\" >&2\n    exit 1\nfi\n# This output is used by Xcode 'outputs' to avoid re-running this script phase.\necho \"SUCCESS\" > \"${SCRIPT_OUTPUT_FILE_0}\"\n";
			showEnvVarsInLog = 0;
		};
		805634381A3E159F0B04E23C /* [CP] Embed Pods Frameworks */ = {
			isa = PBXShellScriptBuildPhase;
			buildActionMask = 2147483647;
			files = (
			);
			inputFileListPaths = (
				"${PODS_ROOT}/Target Support Files/Pods-EmployeeApp/Pods-EmployeeApp-frameworks-${CONFIGURATION}-input-files.xcfilelist",
			);
			name = "[CP] Embed Pods Frameworks";
			outputFileListPaths = (
				"${PODS_ROOT}/Target Support Files/Pods-EmployeeApp/Pods-EmployeeApp-frameworks-${CONFIGURATION}-output-files.xcfilelist",
			);
			runOnlyForDeploymentPostprocessing = 0;
			shellPath = /bin/sh;
			shellScript = "\"${PODS_ROOT}/Target Support Files/Pods-EmployeeApp/Pods-EmployeeApp-frameworks.sh\"\n";
			showEnvVarsInLog = 0;
		};
/* End PBXShellScriptBuildPhase section */

/* Begin PBXSourcesBuildPhase section */
		5811680628D59E84008BF073 /* Sources */ = {
			isa = PBXSourcesBuildPhase;
			buildActionMask = 2147483647;
			files = (
				588082D728D5D58100900533 /* EmpDetailsCell.swift in Sources */,
				588082C828D5B41D00900533 /* Geo+CoreDataClass.swift in Sources */,
				588082CF28D5C49F00900533 /* EmpListTVC.swift in Sources */,
				5811681228D59E84008BF073 /* ViewController.swift in Sources */,
				5811681828D59E84008BF073 /* EmployeeApp.xcdatamodeld in Sources */,
				588082C628D5B41D00900533 /* Company+CoreDataProperties.swift in Sources */,
				5811680E28D59E84008BF073 /* AppDelegate.swift in Sources */,
				588082C928D5B41D00900533 /* Employee+CoreDataProperties.swift in Sources */,
				588082C428D5B41D00900533 /* Address+CoreDataProperties.swift in Sources */,
				588082C728D5B41D00900533 /* Employee+CoreDataClass.swift in Sources */,
				588082C528D5B41D00900533 /* Address+CoreDataClass.swift in Sources */,
				5811681028D59E84008BF073 /* SceneDelegate.swift in Sources */,
				58BE763D28D5A882004A548E /* ParseManager.swift in Sources */,
				588082CA28D5B41D00900533 /* Geo+CoreDataProperties.swift in Sources */,
				58BE763628D5A5CE004A548E /* GeoModel.swift in Sources */,
				588082CB28D5B41D00900533 /* Company+CoreDataClass.swift in Sources */,
				58BE763828D5A5CE004A548E /* EmployeeModel.swift in Sources */,
				58BE763928D5A5CE004A548E /* AddressModel.swift in Sources */,
				588082D328D5D43100900533 /* EmpDetailsVCV.swift in Sources */,
				58BE763728D5A5CE004A548E /* CompanyModel.swift in Sources */,
				588082BA28D5AC7200900533 /* EmpListVC.swift in Sources */,
			);
			runOnlyForDeploymentPostprocessing = 0;
		};
/* End PBXSourcesBuildPhase section */

/* Begin PBXVariantGroup section */
		5811681328D59E84008BF073 /* Main.storyboard */ = {
			isa = PBXVariantGroup;
			children = (
				5811681428D59E84008BF073 /* Base */,
			);
			name = Main.storyboard;
			sourceTree = "<group>";
		};
		5811681B28D59E89008BF073 /* LaunchScreen.storyboard */ = {
			isa = PBXVariantGroup;
			children = (
				5811681C28D59E89008BF073 /* Base */,
			);
			name = LaunchScreen.storyboard;
			sourceTree = "<group>";
		};
/* End PBXVariantGroup section */

/* Begin XCBuildConfiguration section */
		5811681F28D59E89008BF073 /* Debug */ = {
			isa = XCBuildConfiguration;
			buildSettings = {
				ALWAYS_SEARCH_USER_PATHS = NO;
				CLANG_ANALYZER_NONNULL = YES;
				CLANG_ANALYZER_NUMBER_OBJECT_CONVERSION = YES_AGGRESSIVE;
				CLANG_CXX_LANGUAGE_STANDARD = "gnu++17";
				CLANG_ENABLE_MODULES = YES;
				CLANG_ENABLE_OBJC_ARC = YES;
				CLANG_ENABLE_OBJC_WEAK = YES;
				CLANG_WARN_BLOCK_CAPTURE_AUTORELEASING = YES;
				CLANG_WARN_BOOL_CONVERSION = YES;
				CLANG_WARN_COMMA = YES;
				CLANG_WARN_CONSTANT_CONVERSION = YES;
				CLANG_WARN_DEPRECATED_OBJC_IMPLEMENTATIONS = YES;
				CLANG_WARN_DIRECT_OBJC_ISA_USAGE = YES_ERROR;
				CLANG_WARN_DOCUMENTATION_COMMENTS = YES;
				CLANG_WARN_EMPTY_BODY = YES;
				CLANG_WARN_ENUM_CONVERSION = YES;
				CLANG_WARN_INFINITE_RECURSION = YES;
				CLANG_WARN_INT_CONVERSION = YES;
				CLANG_WARN_NON_LITERAL_NULL_CONVERSION = YES;
				CLANG_WARN_OBJC_IMPLICIT_RETAIN_SELF = YES;
				CLANG_WARN_OBJC_LITERAL_CONVERSION = YES;
				CLANG_WARN_OBJC_ROOT_CLASS = YES_ERROR;
				CLANG_WARN_QUOTED_INCLUDE_IN_FRAMEWORK_HEADER = YES;
				CLANG_WARN_RANGE_LOOP_ANALYSIS = YES;
				CLANG_WARN_STRICT_PROTOTYPES = YES;
				CLANG_WARN_SUSPICIOUS_MOVE = YES;
				CLANG_WARN_UNGUARDED_AVAILABILITY = YES_AGGRESSIVE;
				CLANG_WARN_UNREACHABLE_CODE = YES;
				CLANG_WARN__DUPLICATE_METHOD_MATCH = YES;
				COPY_PHASE_STRIP = NO;
				DEBUG_INFORMATION_FORMAT = dwarf;
				ENABLE_STRICT_OBJC_MSGSEND = YES;
				ENABLE_TESTABILITY = YES;
				GCC_C_LANGUAGE_STANDARD = gnu11;
				GCC_DYNAMIC_NO_PIC = NO;
				GCC_NO_COMMON_BLOCKS = YES;
				GCC_OPTIMIZATION_LEVEL = 0;
				GCC_PREPROCESSOR_DEFINITIONS = (
					"DEBUG=1",
					"$(inherited)",
				);
				GCC_WARN_64_TO_32_BIT_CONVERSION = YES;
				GCC_WARN_ABOUT_RETURN_TYPE = YES_ERROR;
				GCC_WARN_UNDECLARED_SELECTOR = YES;
				GCC_WARN_UNINITIALIZED_AUTOS = YES_AGGRESSIVE;
				GCC_WARN_UNUSED_FUNCTION = YES;
				GCC_WARN_UNUSED_VARIABLE = YES;
				IPHONEOS_DEPLOYMENT_TARGET = 15.5;
				MTL_ENABLE_DEBUG_INFO = INCLUDE_SOURCE;
				MTL_FAST_MATH = YES;
				ONLY_ACTIVE_ARCH = YES;
				SDKROOT = iphoneos;
				SWIFT_ACTIVE_COMPILATION_CONDITIONS = DEBUG;
				SWIFT_OPTIMIZATION_LEVEL = "-Onone";
			};
			name = Debug;
		};
		5811682028D59E89008BF073 /* Release */ = {
			isa = XCBuildConfiguration;
			buildSettings = {
				ALWAYS_SEARCH_USER_PATHS = NO;
				CLANG_ANALYZER_NONNULL = YES;
				CLANG_ANALYZER_NUMBER_OBJECT_CONVERSION = YES_AGGRESSIVE;
				CLANG_CXX_LANGUAGE_STANDARD = "gnu++17";
				CLANG_ENABLE_MODULES = YES;
				CLANG_ENABLE_OBJC_ARC = YES;
				CLANG_ENABLE_OBJC_WEAK = YES;
				CLANG_WARN_BLOCK_CAPTURE_AUTORELEASING = YES;
				CLANG_WARN_BOOL_CONVERSION = YES;
				CLANG_WARN_COMMA = YES;
				CLANG_WARN_CONSTANT_CONVERSION = YES;
				CLANG_WARN_DEPRECATED_OBJC_IMPLEMENTATIONS = YES;
				CLANG_WARN_DIRECT_OBJC_ISA_USAGE = YES_ERROR;
				CLANG_WARN_DOCUMENTATION_COMMENTS = YES;
				CLANG_WARN_EMPTY_BODY = YES;
				CLANG_WARN_ENUM_CONVERSION = YES;
				CLANG_WARN_INFINITE_RECURSION = YES;
				CLANG_WARN_INT_CONVERSION = YES;
				CLANG_WARN_NON_LITERAL_NULL_CONVERSION = YES;
				CLANG_WARN_OBJC_IMPLICIT_RETAIN_SELF = YES;
				CLANG_WARN_OBJC_LITERAL_CONVERSION = YES;
				CLANG_WARN_OBJC_ROOT_CLASS = YES_ERROR;
				CLANG_WARN_QUOTED_INCLUDE_IN_FRAMEWORK_HEADER = YES;
				CLANG_WARN_RANGE_LOOP_ANALYSIS = YES;
				CLANG_WARN_STRICT_PROTOTYPES = YES;
				CLANG_WARN_SUSPICIOUS_MOVE = YES;
				CLANG_WARN_UNGUARDED_AVAILABILITY = YES_AGGRESSIVE;
				CLANG_WARN_UNREACHABLE_CODE = YES;
				CLANG_WARN__DUPLICATE_METHOD_MATCH = YES;
				COPY_PHASE_STRIP = NO;
				DEBUG_INFORMATION_FORMAT = "dwarf-with-dsym";
				ENABLE_NS_ASSERTIONS = NO;
				ENABLE_STRICT_OBJC_MSGSEND = YES;
				GCC_C_LANGUAGE_STANDARD = gnu11;
				GCC_NO_COMMON_BLOCKS = YES;
				GCC_WARN_64_TO_32_BIT_CONVERSION = YES;
				GCC_WARN_ABOUT_RETURN_TYPE = YES_ERROR;
				GCC_WARN_UNDECLARED_SELECTOR = YES;
				GCC_WARN_UNINITIALIZED_AUTOS = YES_AGGRESSIVE;
				GCC_WARN_UNUSED_FUNCTION = YES;
				GCC_WARN_UNUSED_VARIABLE = YES;
				IPHONEOS_DEPLOYMENT_TARGET = 15.5;
				MTL_ENABLE_DEBUG_INFO = NO;
				MTL_FAST_MATH = YES;
				SDKROOT = iphoneos;
				SWIFT_COMPILATION_MODE = wholemodule;
				SWIFT_OPTIMIZATION_LEVEL = "-O";
				VALIDATE_PRODUCT = YES;
			};
			name = Release;
		};
		5811682228D59E89008BF073 /* Debug */ = {
			isa = XCBuildConfiguration;
			baseConfigurationReference = C96EB4C0E8E7405518CD30FA /* Pods-EmployeeApp.debug.xcconfig */;
			buildSettings = {
				ASSETCATALOG_COMPILER_APPICON_NAME = AppIcon;
				ASSETCATALOG_COMPILER_GLOBAL_ACCENT_COLOR_NAME = AccentColor;
				CODE_SIGN_STYLE = Automatic;
				CURRENT_PROJECT_VERSION = 1;
				DEVELOPMENT_TEAM = J7R6AXTN4A;
				GENERATE_INFOPLIST_FILE = YES;
				INFOPLIST_FILE = EmployeeApp/Info.plist;
				INFOPLIST_KEY_UIApplicationSupportsIndirectInputEvents = YES;
				INFOPLIST_KEY_UILaunchStoryboardName = LaunchScreen;
				INFOPLIST_KEY_UIMainStoryboardFile = Main;
				INFOPLIST_KEY_UISupportedInterfaceOrientations_iPad = "UIInterfaceOrientationPortrait UIInterfaceOrientationPortraitUpsideDown UIInterfaceOrientationLandscapeLeft UIInterfaceOrientationLandscapeRight";
				INFOPLIST_KEY_UISupportedInterfaceOrientations_iPhone = "UIInterfaceOrientationPortrait UIInterfaceOrientationLandscapeLeft UIInterfaceOrientationLandscapeRight";
				LD_RUNPATH_SEARCH_PATHS = (
					"$(inherited)",
					"@executable_path/Frameworks",
				);
				MARKETING_VERSION = 1.0;
				PRODUCT_BUNDLE_IDENTIFIER = com.inapp.EmployeeApp;
				PRODUCT_NAME = "$(TARGET_NAME)";
				SWIFT_EMIT_LOC_STRINGS = YES;
				SWIFT_VERSION = 5.0;
				TARGETED_DEVICE_FAMILY = "1,2";
			};
			name = Debug;
		};
		5811682328D59E89008BF073 /* Release */ = {
			isa = XCBuildConfiguration;
			baseConfigurationReference = 72106EFD71DFF30F24D47D63 /* Pods-EmployeeApp.release.xcconfig */;
			buildSettings = {
				ASSETCATALOG_COMPILER_APPICON_NAME = AppIcon;
				ASSETCATALOG_COMPILER_GLOBAL_ACCENT_COLOR_NAME = AccentColor;
				CODE_SIGN_STYLE = Automatic;
				CURRENT_PROJECT_VERSION = 1;
				DEVELOPMENT_TEAM = J7R6AXTN4A;
				GENERATE_INFOPLIST_FILE = YES;
				INFOPLIST_FILE = EmployeeApp/Info.plist;
				INFOPLIST_KEY_UIApplicationSupportsIndirectInputEvents = YES;
				INFOPLIST_KEY_UILaunchStoryboardName = LaunchScreen;
				INFOPLIST_KEY_UIMainStoryboardFile = Main;
				INFOPLIST_KEY_UISupportedInterfaceOrientations_iPad = "UIInterfaceOrientationPortrait UIInterfaceOrientationPortraitUpsideDown UIInterfaceOrientationLandscapeLeft UIInterfaceOrientationLandscapeRight";
				INFOPLIST_KEY_UISupportedInterfaceOrientations_iPhone = "UIInterfaceOrientationPortrait UIInterfaceOrientationLandscapeLeft UIInterfaceOrientationLandscapeRight";
				LD_RUNPATH_SEARCH_PATHS = (
					"$(inherited)",
					"@executable_path/Frameworks",
				);
				MARKETING_VERSION = 1.0;
				PRODUCT_BUNDLE_IDENTIFIER = com.inapp.EmployeeApp;
				PRODUCT_NAME = "$(TARGET_NAME)";
				SWIFT_EMIT_LOC_STRINGS = YES;
				SWIFT_VERSION = 5.0;
				TARGETED_DEVICE_FAMILY = "1,2";
			};
			name = Release;
		};
/* End XCBuildConfiguration section */

/* Begin XCConfigurationList section */
		5811680528D59E84008BF073 /* Build configuration list for PBXProject "EmployeeApp" */ = {
			isa = XCConfigurationList;
			buildConfigurations = (
				5811681F28D59E89008BF073 /* Debug */,
				5811682028D59E89008BF073 /* Release */,
			);
			defaultConfigurationIsVisible = 0;
			defaultConfigurationName = Release;
		};
		5811682128D59E89008BF073 /* Build configuration list for PBXNativeTarget "EmployeeApp" */ = {
			isa = XCConfigurationList;
			buildConfigurations = (
				5811682228D59E89008BF073 /* Debug */,
				5811682328D59E89008BF073 /* Release */,
			);
			defaultConfigurationIsVisible = 0;
			defaultConfigurationName = Release;
		};
/* End XCConfigurationList section */

/* Begin XCVersionGroup section */
		5811681628D59E84008BF073 /* EmployeeApp.xcdatamodeld */ = {
			isa = XCVersionGroup;
			children = (
				5811681728D59E84008BF073 /* EmployeeApp.xcdatamodel */,
			);
			currentVersion = 5811681728D59E84008BF073 /* EmployeeApp.xcdatamodel */;
			path = EmployeeApp.xcdatamodeld;
			sourceTree = "<group>";
			versionGroupType = wrapper.xcdatamodel;
		};
/* End XCVersionGroup section */
	};
	rootObject = 5811680228D59E84008BF073 /* Project object */;
}
